PODS:
  - Expecta (0.3.2)
  - Expecta+Snapshots (1.3.1):
    - Expecta
    - FBSnapshotTestCase
  - FBSnapshotTestCase (1.5)
  - PKAlertController (0.1.0)
  - Specta (0.3.2)

DEPENDENCIES:
  - Expecta
  - Expecta+Snapshots
  - FBSnapshotTestCase
  - PKAlertController (from `../`)
  - Specta

EXTERNAL SOURCES:
  PKAlertController:
    :path: ../

SPEC CHECKSUMS:
  Expecta: ee641011fe10aa1855d487b40e4976dac50ec342
  Expecta+Snapshots: 4a56b9411c6ed156987072e52c39de67d864015a
  FBSnapshotTestCase: e2914fbaabccea1dcc773d6a16b1c24540642488
  PKAlertController: ac5a8b4f8095299ad077436ae8a2a780c2aa6a13
  Specta: 698a58ffa5ec948327d3b92eab50ca58d7f4fbe8

COCOAPODS: 0.35.0
